// !$*UTF8*$!
{
	archiveVersion = 1;
	classes = {
	};
	objectVersion = 46;
	objects = {

/* Begin PBXBuildFile section */
		20D653AA1CC87B580030FA2C /* main.m in Sources */ = {isa = PBXBuildFile; fileRef = 20D653A91CC87B580030FA2C /* main.m */; };
		20D653AD1CC87B580030FA2C /* AppDelegate.m in Sources */ = {isa = PBXBuildFile; fileRef = 20D653AC1CC87B580030FA2C /* AppDelegate.m */; };
		20D653B31CC87B590030FA2C /* Main.storyboard in Resources */ = {isa = PBXBuildFile; fileRef = 20D653B11CC87B590030FA2C /* Main.storyboard */; };
		20D653B51CC87B590030FA2C /* Assets.xcassets in Resources */ = {isa = PBXBuildFile; fileRef = 20D653B41CC87B590030FA2C /* Assets.xcassets */; };
		20D653B81CC87B590030FA2C /* LaunchScreen.storyboard in Resources */ = {isa = PBXBuildFile; fileRef = 20D653B61CC87B590030FA2C /* LaunchScreen.storyboard */; };
		20D653C31CC87B590030FA2C /* supersetTests.m in Sources */ = {isa = PBXBuildFile; fileRef = 20D653C21CC87B590030FA2C /* supersetTests.m */; };
		20D653CE1CC87B590030FA2C /* supersetUITests.m in Sources */ = {isa = PBXBuildFile; fileRef = 20D653CD1CC87B590030FA2C /* supersetUITests.m */; };
		20D653DF1CC87BE70030FA2C /* SPSApplePay.m in Sources */ = {isa = PBXBuildFile; fileRef = 20D653DE1CC87BE70030FA2C /* SPSApplePay.m */; };
/* End PBXBuildFile section */

/* Begin PBXContainerItemProxy section */
		20D653BF1CC87B590030FA2C /* PBXContainerItemProxy */ = {
			isa = PBXContainerItemProxy;
			containerPortal = 20D6539D1CC87B580030FA2C /* Project object */;
			proxyType = 1;
			remoteGlobalIDString = 20D653A41CC87B580030FA2C;
			remoteInfo = superset;
		};
		20D653CA1CC87B590030FA2C /* PBXContainerItemProxy */ = {
			isa = PBXContainerItemProxy;
			containerPortal = 20D6539D1CC87B580030FA2C /* Project object */;
			proxyType = 1;
			remoteGlobalIDString = 20D653A41CC87B580030FA2C;
			remoteInfo = superset;
		};
/* End PBXContainerItemProxy section */

/* Begin PBXFileReference section */
		20D653A51CC87B580030FA2C /* superset.app */ = {isa = PBXFileReference; explicitFileType = wrapper.application; includeInIndex = 0; path = superset.app; sourceTree = BUILT_PRODUCTS_DIR; };
		20D653A91CC87B580030FA2C /* main.m */ = {isa = PBXFileReference; lastKnownFileType = sourcecode.c.objc; path = main.m; sourceTree = "<group>"; };
		20D653AB1CC87B580030FA2C /* AppDelegate.h */ = {isa = PBXFileReference; lastKnownFileType = sourcecode.c.h; path = AppDelegate.h; sourceTree = "<group>"; };
		20D653AC1CC87B580030FA2C /* AppDelegate.m */ = {isa = PBXFileReference; lastKnownFileType = sourcecode.c.objc; path = AppDelegate.m; sourceTree = "<group>"; };
		20D653B21CC87B590030FA2C /* Base */ = {isa = PBXFileReference; lastKnownFileType = file.storyboard; name = Base; path = Base.lproj/Main.storyboard; sourceTree = "<group>"; };
		20D653B41CC87B590030FA2C /* Assets.xcassets */ = {isa = PBXFileReference; lastKnownFileType = folder.assetcatalog; path = Assets.xcassets; sourceTree = "<group>"; };
		20D653B71CC87B590030FA2C /* Base */ = {isa = PBXFileReference; lastKnownFileType = file.storyboard; name = Base; path = Base.lproj/LaunchScreen.storyboard; sourceTree = "<group>"; };
		20D653BE1CC87B590030FA2C /* supersetTests.xctest */ = {isa = PBXFileReference; explicitFileType = wrapper.cfbundle; includeInIndex = 0; path = supersetTests.xctest; sourceTree = BUILT_PRODUCTS_DIR; };
		20D653C21CC87B590030FA2C /* supersetTests.m */ = {isa = PBXFileReference; lastKnownFileType = sourcecode.c.objc; path = supersetTests.m; sourceTree = "<group>"; };
		20D653C41CC87B590030FA2C /* Info.plist */ = {isa = PBXFileReference; lastKnownFileType = text.plist.xml; path = Info.plist; sourceTree = "<group>"; };
		20D653C91CC87B590030FA2C /* supersetUITests.xctest */ = {isa = PBXFileReference; explicitFileType = wrapper.cfbundle; includeInIndex = 0; path = supersetUITests.xctest; sourceTree = BUILT_PRODUCTS_DIR; };
		20D653CD1CC87B590030FA2C /* supersetUITests.m */ = {isa = PBXFileReference; lastKnownFileType = sourcecode.c.objc; path = supersetUITests.m; sourceTree = "<group>"; };
		20D653CF1CC87B590030FA2C /* Info.plist */ = {isa = PBXFileReference; lastKnownFileType = text.plist.xml; path = Info.plist; sourceTree = "<group>"; };
		20D653DD1CC87BE70030FA2C /* SPSApplePay.h */ = {isa = PBXFileReference; fileEncoding = 4; lastKnownFileType = sourcecode.c.h; path = SPSApplePay.h; sourceTree = "<group>"; };
		20D653DE1CC87BE70030FA2C /* SPSApplePay.m */ = {isa = PBXFileReference; fileEncoding = 4; lastKnownFileType = sourcecode.c.objc; path = SPSApplePay.m; sourceTree = "<group>"; };
		20D653E01CC87C580030FA2C /* superset.entitlements */ = {isa = PBXFileReference; lastKnownFileType = text.xml; path = superset.entitlements; sourceTree = "<group>"; };
/* End PBXFileReference section */

/* Begin PBXFrameworksBuildPhase section */
		20D653A21CC87B580030FA2C /* Frameworks */ = {
			isa = PBXFrameworksBuildPhase;
			buildActionMask = 2147483647;
			files = (
			);
			runOnlyForDeploymentPostprocessing = 0;
		};
		20D653BB1CC87B590030FA2C /* Frameworks */ = {
			isa = PBXFrameworksBuildPhase;
			buildActionMask = 2147483647;
			files = (
			);
			runOnlyForDeploymentPostprocessing = 0;
		};
		20D653C61CC87B590030FA2C /* Frameworks */ = {
			isa = PBXFrameworksBuildPhase;
			buildActionMask = 2147483647;
			files = (
			);
			runOnlyForDeploymentPostprocessing = 0;
		};
/* End PBXFrameworksBuildPhase section */

/* Begin PBXGroup section */
		20D6539C1CC87B580030FA2C = {
			isa = PBXGroup;
			children = (
				20D653A71CC87B580030FA2C /* superset */,
				20D653DB1CC87BAD0030FA2C /* Tools */,
				20D653C11CC87B590030FA2C /* supersetTests */,
				20D653CC1CC87B590030FA2C /* supersetUITests */,
				20D653A61CC87B580030FA2C /* Products */,
			);
			sourceTree = "<group>";
		};
		20D653A61CC87B580030FA2C /* Products */ = {
			isa = PBXGroup;
			children = (
				20D653A51CC87B580030FA2C /* superset.app */,
				20D653BE1CC87B590030FA2C /* supersetTests.xctest */,
				20D653C91CC87B590030FA2C /* supersetUITests.xctest */,
			);
			name = Products;
			sourceTree = "<group>";
		};
		20D653A71CC87B580030FA2C /* superset */ = {
			isa = PBXGroup;
			children = (
				20D653AB1CC87B580030FA2C /* AppDelegate.h */,
				20D653AC1CC87B580030FA2C /* AppDelegate.m */,
				20D653E01CC87C580030FA2C /* superset.entitlements */,
				20D653B11CC87B590030FA2C /* Main.storyboard */,
				20D653B41CC87B590030FA2C /* Assets.xcassets */,
				20D653B61CC87B590030FA2C /* LaunchScreen.storyboard */,
				20D653A81CC87B580030FA2C /* Supporting Files */,
			);
			path = superset;
			sourceTree = "<group>";
		};
		20D653A81CC87B580030FA2C /* Supporting Files */ = {
			isa = PBXGroup;
			children = (
				20D653A91CC87B580030FA2C /* main.m */,
			);
			name = "Supporting Files";
			sourceTree = "<group>";
		};
		20D653C11CC87B590030FA2C /* supersetTests */ = {
			isa = PBXGroup;
			children = (
				20D653C21CC87B590030FA2C /* supersetTests.m */,
				20D653C41CC87B590030FA2C /* Info.plist */,
			);
			path = supersetTests;
			sourceTree = "<group>";
		};
		20D653CC1CC87B590030FA2C /* supersetUITests */ = {
			isa = PBXGroup;
			children = (
				20D653CD1CC87B590030FA2C /* supersetUITests.m */,
				20D653CF1CC87B590030FA2C /* Info.plist */,
			);
			path = supersetUITests;
			sourceTree = "<group>";
		};
		20D653DB1CC87BAD0030FA2C /* Tools */ = {
			isa = PBXGroup;
			children = (
				20D653DC1CC87BAD0030FA2C /* applePay */,
			);
			path = Tools;
			sourceTree = "<group>";
		};
		20D653DC1CC87BAD0030FA2C /* applePay */ = {
			isa = PBXGroup;
			children = (
				20D653DD1CC87BE70030FA2C /* SPSApplePay.h */,
				20D653DE1CC87BE70030FA2C /* SPSApplePay.m */,
			);
			path = applePay;
			sourceTree = "<group>";
		};
/* End PBXGroup section */

/* Begin PBXNativeTarget section */
		20D653A41CC87B580030FA2C /* superset */ = {
			isa = PBXNativeTarget;
			buildConfigurationList = 20D653D21CC87B590030FA2C /* Build configuration list for PBXNativeTarget "superset" */;
			buildPhases = (
				20D653A11CC87B580030FA2C /* Sources */,
				20D653A21CC87B580030FA2C /* Frameworks */,
				20D653A31CC87B580030FA2C /* Resources */,
			);
			buildRules = (
			);
			dependencies = (
			);
			name = superset;
			productName = superset;
			productReference = 20D653A51CC87B580030FA2C /* superset.app */;
			productType = "com.apple.product-type.application";
		};
		20D653BD1CC87B590030FA2C /* supersetTests */ = {
			isa = PBXNativeTarget;
			buildConfigurationList = 20D653D51CC87B590030FA2C /* Build configuration list for PBXNativeTarget "supersetTests" */;
			buildPhases = (
				20D653BA1CC87B590030FA2C /* Sources */,
				20D653BB1CC87B590030FA2C /* Frameworks */,
				20D653BC1CC87B590030FA2C /* Resources */,
			);
			buildRules = (
			);
			dependencies = (
				20D653C01CC87B590030FA2C /* PBXTargetDependency */,
			);
			name = supersetTests;
			productName = supersetTests;
			productReference = 20D653BE1CC87B590030FA2C /* supersetTests.xctest */;
			productType = "com.apple.product-type.bundle.unit-test";
		};
		20D653C81CC87B590030FA2C /* supersetUITests */ = {
			isa = PBXNativeTarget;
			buildConfigurationList = 20D653D81CC87B590030FA2C /* Build configuration list for PBXNativeTarget "supersetUITests" */;
			buildPhases = (
				20D653C51CC87B590030FA2C /* Sources */,
				20D653C61CC87B590030FA2C /* Frameworks */,
				20D653C71CC87B590030FA2C /* Resources */,
			);
			buildRules = (
			);
			dependencies = (
				20D653CB1CC87B590030FA2C /* PBXTargetDependency */,
			);
			name = supersetUITests;
			productName = supersetUITests;
			productReference = 20D653C91CC87B590030FA2C /* supersetUITests.xctest */;
			productType = "com.apple.product-type.bundle.ui-testing";
		};
/* End PBXNativeTarget section */

/* Begin PBXProject section */
		20D6539D1CC87B580030FA2C /* Project object */ = {
			isa = PBXProject;
			attributes = {
				LastUpgradeCheck = 0710;
				ORGANIZATIONNAME = yao;
				TargetAttributes = {
					20D653A41CC87B580030FA2C = {
						CreatedOnToolsVersion = 7.1.1;
						DevelopmentTeam = 543627D9X3;
						SystemCapabilities = {
							com.apple.OMC = {
								enabled = 1;
							};
							com.apple.Wallet = {
								enabled = 0;
							};
						};
					};
					20D653BD1CC87B590030FA2C = {
						CreatedOnToolsVersion = 7.1.1;
						TestTargetID = 20D653A41CC87B580030FA2C;
					};
					20D653C81CC87B590030FA2C = {
						CreatedOnToolsVersion = 7.1.1;
						TestTargetID = 20D653A41CC87B580030FA2C;
					};
				};
			};
			buildConfigurationList = 20D653A01CC87B580030FA2C /* Build configuration list for PBXProject "superset" */;
			compatibilityVersion = "Xcode 3.2";
			developmentRegion = English;
			hasScannedForEncodings = 0;
			knownRegions = (
				en,
				Base,
			);
			mainGroup = 20D6539C1CC87B580030FA2C;
			productRefGroup = 20D653A61CC87B580030FA2C /* Products */;
			projectDirPath = "";
			projectRoot = "";
			targets = (
				20D653A41CC87B580030FA2C /* superset */,
				20D653BD1CC87B590030FA2C /* supersetTests */,
				20D653C81CC87B590030FA2C /* supersetUITests */,
			);
		};
/* End PBXProject section */

/* Begin PBXResourcesBuildPhase section */
		20D653A31CC87B580030FA2C /* Resources */ = {
			isa = PBXResourcesBuildPhase;
			buildActionMask = 2147483647;
			files = (
				20D653B81CC87B590030FA2C /* LaunchScreen.storyboard in Resources */,
				20D653B51CC87B590030FA2C /* Assets.xcassets in Resources */,
				20D653B31CC87B590030FA2C /* Main.storyboard in Resources */,
			);
			runOnlyForDeploymentPostprocessing = 0;
		};
		20D653BC1CC87B590030FA2C /* Resources */ = {
			isa = PBXResourcesBuildPhase;
			buildActionMask = 2147483647;
			files = (
			);
			runOnlyForDeploymentPostprocessing = 0;
		};
		20D653C71CC87B590030FA2C /* Resources */ = {
			isa = PBXResourcesBuildPhase;
			buildActionMask = 2147483647;
			files = (
			);
			runOnlyForDeploymentPostprocessing = 0;
		};
/* End PBXResourcesBuildPhase section */

/* Begin PBXSourcesBuildPhase section */
		20D653A11CC87B580030FA2C /* Sources */ = {
			isa = PBXSourcesBuildPhase;
			buildActionMask = 2147483647;
			files = (
				20D653AD1CC87B580030FA2C /* AppDelegate.m in Sources */,
				20D653DF1CC87BE70030FA2C /* SPSApplePay.m in Sources */,
				20D653AA1CC87B580030FA2C /* main.m in Sources */,
			);
			runOnlyForDeploymentPostprocessing = 0;
		};
		20D653BA1CC87B590030FA2C /* Sources */ = {
			isa = PBXSourcesBuildPhase;
			buildActionMask = 2147483647;
			files = (
				20D653C31CC87B590030FA2C /* supersetTests.m in Sources */,
			);
			runOnlyForDeploymentPostprocessing = 0;
		};
		20D653C51CC87B590030FA2C /* Sources */ = {
			isa = PBXSourcesBuildPhase;
			buildActionMask = 2147483647;
			files = (
				20D653CE1CC87B590030FA2C /* supersetUITests.m in Sources */,
			);
			runOnlyForDeploymentPostprocessing = 0;
		};
/* End PBXSourcesBuildPhase section */

/* Begin PBXTargetDependency section */
		20D653C01CC87B590030FA2C /* PBXTargetDependency */ = {
			isa = PBXTargetDependency;
			target = 20D653A41CC87B580030FA2C /* superset */;
			targetProxy = 20D653BF1CC87B590030FA2C /* PBXContainerItemProxy */;
		};
		20D653CB1CC87B590030FA2C /* PBXTargetDependency */ = {
			isa = PBXTargetDependency;
			target = 20D653A41CC87B580030FA2C /* superset */;
			targetProxy = 20D653CA1CC87B590030FA2C /* PBXContainerItemProxy */;
		};
/* End PBXTargetDependency section */

/* Begin PBXVariantGroup section */
		20D653B11CC87B590030FA2C /* Main.storyboard */ = {
			isa = PBXVariantGroup;
			children = (
				20D653B21CC87B590030FA2C /* Base */,
			);
			name = Main.storyboard;
			sourceTree = "<group>";
		};
		20D653B61CC87B590030FA2C /* LaunchScreen.storyboard */ = {
			isa = PBXVariantGroup;
			children = (
				20D653B71CC87B590030FA2C /* Base */,
			);
			name = LaunchScreen.storyboard;
			sourceTree = "<group>";
		};
/* End PBXVariantGroup section */

/* Begin XCBuildConfiguration section */
		20D653D01CC87B590030FA2C /* Debug */ = {
			isa = XCBuildConfiguration;
			buildSettings = {
				ALWAYS_SEARCH_USER_PATHS = NO;
				CLANG_CXX_LANGUAGE_STANDARD = "gnu++0x";
				CLANG_CXX_LIBRARY = "libc++";
				CLANG_ENABLE_MODULES = YES;
				CLANG_ENABLE_OBJC_ARC = YES;
				CLANG_WARN_BOOL_CONVERSION = YES;
				CLANG_WARN_CONSTANT_CONVERSION = YES;
				CLANG_WARN_DIRECT_OBJC_ISA_USAGE = YES_ERROR;
				CLANG_WARN_EMPTY_BODY = YES;
				CLANG_WARN_ENUM_CONVERSION = YES;
				CLANG_WARN_INT_CONVERSION = YES;
				CLANG_WARN_OBJC_ROOT_CLASS = YES_ERROR;
				CLANG_WARN_UNREACHABLE_CODE = YES;
				CLANG_WARN__DUPLICATE_METHOD_MATCH = YES;
				"CODE_SIGN_IDENTITY[sdk=iphoneos*]" = "iPhone Developer";
				COPY_PHASE_STRIP = NO;
				DEBUG_INFORMATION_FORMAT = dwarf;
				ENABLE_STRICT_OBJC_MSGSEND = YES;
				ENABLE_TESTABILITY = YES;
				GCC_C_LANGUAGE_STANDARD = gnu99;
				GCC_DYNAMIC_NO_PIC = NO;
				GCC_NO_COMMON_BLOCKS = YES;
				GCC_OPTIMIZATION_LEVEL = 0;
				GCC_PREPROCESSOR_DEFINITIONS = (
					"DEBUG=1",
					"$(inherited)",
				);
				GCC_WARN_64_TO_32_BIT_CONVERSION = YES;
				GCC_WARN_ABOUT_RETURN_TYPE = YES_ERROR;
				GCC_WARN_UNDECLARED_SELECTOR = YES;
				GCC_WARN_UNINITIALIZED_AUTOS = YES_AGGRESSIVE;
				GCC_WARN_UNUSED_FUNCTION = YES;
				GCC_WARN_UNUSED_VARIABLE = YES;
				IPHONEOS_DEPLOYMENT_TARGET = 9.1;
				MTL_ENABLE_DEBUG_INFO = YES;
				ONLY_ACTIVE_ARCH = YES;
				SDKROOT = iphoneos;
				TARGETED_DEVICE_FAMILY = "1,2";
			};
			name = Debug;
		};
		20D653D11CC87B590030FA2C /* Release */ = {
			isa = XCBuildConfiguration;
			buildSettings = {
				ALWAYS_SEARCH_USER_PATHS = NO;
				CLANG_CXX_LANGUAGE_STANDARD = "gnu++0x";
				CLANG_CXX_LIBRARY = "libc++";
				CLANG_ENABLE_MODULES = YES;
				CLANG_ENABLE_OBJC_ARC = YES;
				CLANG_WARN_BOOL_CONVERSION = YES;
				CLANG_WARN_CONSTANT_CONVERSION = YES;
				CLANG_WARN_DIRECT_OBJC_ISA_USAGE = YES_ERROR;
				CLANG_WARN_EMPTY_BODY = YES;
				CLANG_WARN_ENUM_CONVERSION = YES;
				CLANG_WARN_INT_CONVERSION = YES;
				CLANG_WARN_OBJC_ROOT_CLASS = YES_ERROR;
				CLANG_WARN_UNREACHABLE_CODE = YES;
				CLANG_WARN__DUPLICATE_METHOD_MATCH = YES;
				"CODE_SIGN_IDENTITY[sdk=iphoneos*]" = "iPhone Developer";
				COPY_PHASE_STRIP = NO;
				DEBUG_INFORMATION_FORMAT = "dwarf-with-dsym";
				ENABLE_NS_ASSERTIONS = NO;
				ENABLE_STRICT_OBJC_MSGSEND = YES;
				GCC_C_LANGUAGE_STANDARD = gnu99;
				GCC_NO_COMMON_BLOCKS = YES;
				GCC_WARN_64_TO_32_BIT_CONVERSION = YES;
				GCC_WARN_ABOUT_RETURN_TYPE = YES_ERROR;
				GCC_WARN_UNDECLARED_SELECTOR = YES;
				GCC_WARN_UNINITIALIZED_AUTOS = YES_AGGRESSIVE;
				GCC_WARN_UNUSED_FUNCTION = YES;
				GCC_WARN_UNUSED_VARIABLE = YES;
				IPHONEOS_DEPLOYMENT_TARGET = 9.1;
				MTL_ENABLE_DEBUG_INFO = NO;
				SDKROOT = iphoneos;
				TARGETED_DEVICE_FAMILY = "1,2";
				VALIDATE_PRODUCT = YES;
			};
			name = Release;
		};
		20D653D31CC87B590030FA2C /* Debug */ = {
			isa = XCBuildConfiguration;
			buildSettings = {
				ASSETCATALOG_COMPILER_APPICON_NAME = AppIcon;
				CODE_SIGN_ENTITLEMENTS = superset/superset.entitlements;
				CODE_SIGN_IDENTITY = "iPhone Developer";
				"CODE_SIGN_IDENTITY[sdk=iphoneos*]" = "iPhone Developer";
				INFOPLIST_FILE = superset/Info.plist;
				LD_RUNPATH_SEARCH_PATHS = "$(inherited) @executable_path/Frameworks";
				PRODUCT_BUNDLE_IDENTIFIER = "-01.superset";
				PRODUCT_NAME = "$(TARGET_NAME)";
				PROVISIONING_PROFILE = "";
			};
			name = Debug;
		};
		20D653D41CC87B590030FA2C /* Release */ = {
			isa = XCBuildConfiguration;
			buildSettings = {
				ASSETCATALOG_COMPILER_APPICON_NAME = AppIcon;
				CODE_SIGN_ENTITLEMENTS = superset/superset.entitlements;
				CODE_SIGN_IDENTITY = "iPhone Developer";
				"CODE_SIGN_IDENTITY[sdk=iphoneos*]" = "iPhone Developer";
				INFOPLIST_FILE = superset/Info.plist;
				LD_RUNPATH_SEARCH_PATHS = "$(inherited) @executable_path/Frameworks";
				PRODUCT_BUNDLE_IDENTIFIER = "-01.superset";
				PRODUCT_NAME = "$(TARGET_NAME)";
				PROVISIONING_PROFILE = "";
			};
			name = Release;
		};
		20D653D61CC87B590030FA2C /* Debug */ = {
			isa = XCBuildConfiguration;
			buildSettings = {
				BUNDLE_LOADER = "$(TEST_HOST)";
				INFOPLIST_FILE = supersetTests/Info.plist;
				LD_RUNPATH_SEARCH_PATHS = "$(inherited) @executable_path/Frameworks @loader_path/Frameworks";
				PRODUCT_BUNDLE_IDENTIFIER = "-01.supersetTests";
				PRODUCT_NAME = "$(TARGET_NAME)";
				TEST_HOST = "$(BUILT_PRODUCTS_DIR)/superset.app/superset";
			};
			name = Debug;
		};
		20D653D71CC87B590030FA2C /* Release */ = {
			isa = XCBuildConfiguration;
			buildSettings = {
				BUNDLE_LOADER = "$(TEST_HOST)";
				INFOPLIST_FILE = supersetTests/Info.plist;
				LD_RUNPATH_SEARCH_PATHS = "$(inherited) @executable_path/Frameworks @loader_path/Frameworks";
				PRODUCT_BUNDLE_IDENTIFIER = "-01.supersetTests";
				PRODUCT_NAME = "$(TARGET_NAME)";
				TEST_HOST = "$(BUILT_PRODUCTS_DIR)/superset.app/superset";
			};
			name = Release;
		};
		20D653D91CC87B590030FA2C /* Debug */ = {
			isa = XCBuildConfiguration;
			buildSettings = {
				INFOPLIST_FILE = supersetUITests/Info.plist;
				LD_RUNPATH_SEARCH_PATHS = "$(inherited) @executable_path/Frameworks @loader_path/Frameworks";
				PRODUCT_BUNDLE_IDENTIFIER = "-01.supersetUITests";
				PRODUCT_NAME = "$(TARGET_NAME)";
				TEST_TARGET_NAME = superset;
				USES_XCTRUNNER = YES;
			};
			name = Debug;
		};
		20D653DA1CC87B590030FA2C /* Release */ = {
			isa = XCBuildConfiguration;
			buildSettings = {
				INFOPLIST_FILE = supersetUITests/Info.plist;
				LD_RUNPATH_SEARCH_PATHS = "$(inherited) @executable_path/Frameworks @loader_path/Frameworks";
				PRODUCT_BUNDLE_IDENTIFIER = "-01.supersetUITests";
				PRODUCT_NAME = "$(TARGET_NAME)";
				TEST_TARGET_NAME = superset;
				USES_XCTRUNNER = YES;
			};
			name = Release;
		};
/* End XCBuildConfiguration section */

/* Begin XCConfigurationList section */
		20D653A01CC87B580030FA2C /* Build configuration list for PBXProject "superset" */ = {
			isa = XCConfigurationList;
			buildConfigurations = (
				20D653D01CC87B590030FA2C /* Debug */,
				20D653D11CC87B590030FA2C /* Release */,
			);
			defaultConfigurationIsVisible = 0;
			defaultConfigurationName = Release;
		};
		20D653D21CC87B590030FA2C /* Build configuration list for PBXNativeTarget "superset" */ = {
			isa = XCConfigurationList;
			buildConfigurations = (
				20D653D31CC87B590030FA2C /* Debug */,
				20D653D41CC87B590030FA2C /* Release */,
			);
			defaultConfigurationIsVisible = 0;
			defaultConfigurationName = Release;
		};
		20D653D51CC87B590030FA2C /* Build configuration list for PBXNativeTarget "supersetTests" */ = {
			isa = XCConfigurationList;
			buildConfigurations = (
				20D653D61CC87B590030FA2C /* Debug */,
				20D653D71CC87B590030FA2C /* Release */,
			);
			defaultConfigurationIsVisible = 0;
			defaultConfigurationName = Release;
		};
		20D653D81CC87B590030FA2C /* Build configuration list for PBXNativeTarget "supersetUITests" */ = {
			isa = XCConfigurationList;
			buildConfigurations = (
				20D653D91CC87B590030FA2C /* Debug */,
				20D653DA1CC87B590030FA2C /* Release */,
			);
			defaultConfigurationIsVisible = 0;
			defaultConfigurationName = Release;
		};
/* End XCConfigurationList section */
	};
	rootObject = 20D6539D1CC87B580030FA2C /* Project object */;
}
